{
  "pins" : [
    {
      "identity" : "appsflyerframework",
      "kind" : "remoteSourceControl",
      "location" : "https://github.com/AppsFlyerSDK/AppsFlyerFramework",
      "state" : {
        "branch" : "6.9.1",
        "revision" : "7a3cd712a77b30e487e53102b101c5e9ff96a95e"
      }
    }
  ],
  "version" : 2
}
