{
  "pins" : [
    {
      "identity" : "appsflyerframework",
      "kind" : "remoteSourceControl",
      "location" : "https://github.com/AppsFlyerSDK/AppsFlyerFramework.git",
      "state" : {
        "revision" : "096dfa446caae0b92d6dd00486a6178a6ffd9ad9",
        "version" : "6.10.1"
      }
    }
  ],
  "version" : 2
}
